
Microsoft Visual Studio Solution File, Format Version 12.00
# Visual Studio Version 16
VisualStudioVersion = 16.0.31205.134
MinimumVisualStudioVersion = 10.0.40219.1
Project("{8BC9CEB8-8B4A-11D0-8D11-00A0C91BC942}") = "GammaRayOpenCV", "Windows\GammaRayOpenCV.vcxproj", "{D931A65D-7F7A-477F-9D4D-525E018BB2DA}"
EndProject
Global
	GlobalSection(SolutionConfigurationPlatforms) = preSolution
		Debug|x64 = Debug|x64
		Release|x64 = Release|x64
	EndGlobalSection
	GlobalSection(ProjectConfigurationPlatforms) = postSolution
		{D931A65D-7F7A-477F-9D4D-525E018BB2DA}.Debug|x64.ActiveCfg = Debug|x64
		{D931A65D-7F7A-477F-9D4D-525E018BB2DA}.Debug|x64.Build.0 = Debug|x64
		{D931A65D-7F7A-477F-9D4D-525E018BB2DA}.Release|x64.ActiveCfg = Release|x64
		{D931A65D-7F7A-477F-9D4D-525E018BB2DA}.Release|x64.Build.0 = Release|x64
	EndGlobalSection
	GlobalSection(SolutionProperties) = preSolution
		HideSolutionNode = FALSE
	EndGlobalSection
	GlobalSection(ExtensibilityGlobals) = postSolution
		SolutionGuid = {F69AF0CB-90B0-4626-9323-358A60B86BF8}
	EndGlobalSection
EndGlobal
